// !$*UTF8*$!
{
	archiveVersion = 1;
	classes = {
	};
	objectVersion = 50;
	objects = {

/* Begin PBXBuildFile section */
		188FD9DE2269FE200030726B /* main.m in Sources */ = {isa = PBXBuildFile; fileRef = 188FD9DD2269FE200030726B /* main.m */; };
		188FD9F52269FE890030726B /* objc-blocktramps-i386.s in Sources */ = {isa = PBXBuildFile; fileRef = 188FD9F12269FE880030726B /* objc-blocktramps-i386.s */; };
		188FD9F62269FE890030726B /* objc-blocktramps-arm64.s in Sources */ = {isa = PBXBuildFile; fileRef = 188FD9F22269FE880030726B /* objc-blocktramps-arm64.s */; };
		188FD9F72269FE890030726B /* objc-blocktramps-arm.s in Sources */ = {isa = PBXBuildFile; fileRef = 188FD9F32269FE890030726B /* objc-blocktramps-arm.s */; };
		188FD9F82269FE890030726B /* objc-blocktramps-x86_64.s in Sources */ = {isa = PBXBuildFile; fileRef = 188FD9F42269FE890030726B /* objc-blocktramps-x86_64.s */; };
		188FD9FB226A05970030726B /* objc-block-trampolines.h in Headers */ = {isa = PBXBuildFile; fileRef = 188FD9F92269FF870030726B /* objc-block-trampolines.h */; settings = {ATTRIBUTES = (Private, ); }; };
/* End PBXBuildFile section */

/* Begin PBXCopyFilesBuildPhase section */
		188FD9D82269FE200030726B /* CopyFiles */ = {
			isa = PBXCopyFilesBuildPhase;
			buildActionMask = 2147483647;
			dstPath = /usr/share/man/man1/;
			dstSubfolderSpec = 0;
			files = (
			);
			runOnlyForDeploymentPostprocessing = 1;
		};
/* End PBXCopyFilesBuildPhase section */

/* Begin PBXFileReference section */
		188FD9DA2269FE200030726B /* objc */ = {isa = PBXFileReference; explicitFileType = "compiled.mach-o.executable"; includeInIndex = 0; path = objc; sourceTree = BUILT_PRODUCTS_DIR; };
		188FD9DD2269FE200030726B /* main.m */ = {isa = PBXFileReference; lastKnownFileType = sourcecode.c.objc; path = main.m; sourceTree = "<group>"; };
		188FD9E82269FE4C0030726B /* libobjc-trampolines.dylib */ = {isa = PBXFileReference; explicitFileType = "compiled.mach-o.dylib"; includeInIndex = 0; path = "libobjc-trampolines.dylib"; sourceTree = BUILT_PRODUCTS_DIR; };
		188FD9F12269FE880030726B /* objc-blocktramps-i386.s */ = {isa = PBXFileReference; fileEncoding = 4; lastKnownFileType = sourcecode.asm; path = "objc-blocktramps-i386.s"; sourceTree = "<group>"; };
		188FD9F22269FE880030726B /* objc-blocktramps-arm64.s */ = {isa = PBXFileReference; fileEncoding = 4; lastKnownFileType = sourcecode.asm; path = "objc-blocktramps-arm64.s"; sourceTree = "<group>"; };
		188FD9F32269FE890030726B /* objc-blocktramps-arm.s */ = {isa = PBXFileReference; fileEncoding = 4; lastKnownFileType = sourcecode.asm; path = "objc-blocktramps-arm.s"; sourceTree = "<group>"; };
		188FD9F42269FE890030726B /* objc-blocktramps-x86_64.s */ = {isa = PBXFileReference; fileEncoding = 4; lastKnownFileType = sourcecode.asm; path = "objc-blocktramps-x86_64.s"; sourceTree = "<group>"; };
		188FD9F92269FF870030726B /* objc-block-trampolines.h */ = {isa = PBXFileReference; fileEncoding = 4; lastKnownFileType = sourcecode.c.h; path = "objc-block-trampolines.h"; sourceTree = "<group>"; };
/* End PBXFileReference section */

/* Begin PBXFrameworksBuildPhase section */
		188FD9D72269FE200030726B /* Frameworks */ = {
			isa = PBXFrameworksBuildPhase;
			buildActionMask = 2147483647;
			files = (
			);
			runOnlyForDeploymentPostprocessing = 0;
		};
		188FD9E62269FE4C0030726B /* Frameworks */ = {
			isa = PBXFrameworksBuildPhase;
			buildActionMask = 2147483647;
			files = (
			);
			runOnlyForDeploymentPostprocessing = 0;
		};
/* End PBXFrameworksBuildPhase section */

/* Begin PBXGroup section */
		188FD9D12269FE200030726B = {
			isa = PBXGroup;
			children = (
				188FD9DC2269FE200030726B /* objc */,
				188FD9E92269FE4C0030726B /* objc-trampolines */,
				188FD9DB2269FE200030726B /* Products */,
			);
			sourceTree = "<group>";
		};
		188FD9DB2269FE200030726B /* Products */ = {
			isa = PBXGroup;
			children = (
				188FD9DA2269FE200030726B /* objc */,
				188FD9E82269FE4C0030726B /* libobjc-trampolines.dylib */,
			);
			name = Products;
			sourceTree = "<group>";
		};
		188FD9DC2269FE200030726B /* objc */ = {
			isa = PBXGroup;
			children = (
				188FD9DD2269FE200030726B /* main.m */,
			);
			path = objc;
			sourceTree = "<group>";
		};
		188FD9E92269FE4C0030726B /* objc-trampolines */ = {
			isa = PBXGroup;
			children = (
				188FD9F92269FF870030726B /* objc-block-trampolines.h */,
				188FD9F32269FE890030726B /* objc-blocktramps-arm.s */,
				188FD9F22269FE880030726B /* objc-blocktramps-arm64.s */,
				188FD9F12269FE880030726B /* objc-blocktramps-i386.s */,
				188FD9F42269FE890030726B /* objc-blocktramps-x86_64.s */,
			);
			path = "objc-trampolines";
			sourceTree = "<group>";
		};
/* End PBXGroup section */

/* Begin PBXHeadersBuildPhase section */
		188FD9E42269FE4C0030726B /* Headers */ = {
			isa = PBXHeadersBuildPhase;
			buildActionMask = 2147483647;
			files = (
				188FD9FB226A05970030726B /* objc-block-trampolines.h in Headers */,
			);
			runOnlyForDeploymentPostprocessing = 0;
		};
/* End PBXHeadersBuildPhase section */

/* Begin PBXNativeTarget section */
		188FD9D92269FE200030726B /* objc */ = {
			isa = PBXNativeTarget;
			buildConfigurationList = 188FD9E12269FE200030726B /* Build configuration list for PBXNativeTarget "objc" */;
			buildPhases = (
				188FD9D62269FE200030726B /* Sources */,
				188FD9D72269FE200030726B /* Frameworks */,
				188FD9D82269FE200030726B /* CopyFiles */,
			);
			buildRules = (
			);
			dependencies = (
			);
			name = objc;
			productName = objc;
			productReference = 188FD9DA2269FE200030726B /* objc */;
			productType = "com.apple.product-type.tool";
		};
		188FD9E72269FE4C0030726B /* objc-trampolines */ = {
			isa = PBXNativeTarget;
			buildConfigurationList = 188FD9EE2269FE4C0030726B /* Build configuration list for PBXNativeTarget "objc-trampolines" */;
			buildPhases = (
				188FD9E42269FE4C0030726B /* Headers */,
				188FD9E52269FE4C0030726B /* Sources */,
				188FD9E62269FE4C0030726B /* Frameworks */,
			);
			buildRules = (
			);
			dependencies = (
			);
			name = "objc-trampolines";
			productName = "objc-trampolines";
			productReference = 188FD9E82269FE4C0030726B /* libobjc-trampolines.dylib */;
			productType = "com.apple.product-type.library.dynamic";
		};
/* End PBXNativeTarget section */

/* Begin PBXProject section */
		188FD9D22269FE200030726B /* Project object */ = {
			isa = PBXProject;
			attributes = {
				LastUpgradeCheck = 1020;
				ORGANIZATIONNAME = Warmbloom;
				TargetAttributes = {
					188FD9D92269FE200030726B = {
						CreatedOnToolsVersion = 10.2.1;
					};
					188FD9E72269FE4C0030726B = {
						CreatedOnToolsVersion = 10.2.1;
					};
				};
			};
			buildConfigurationList = 188FD9D52269FE200030726B /* Build configuration list for PBXProject "objc" */;
			compatibilityVersion = "Xcode 9.3";
			developmentRegion = en;
			hasScannedForEncodings = 0;
			knownRegions = (
				en,
			);
			mainGroup = 188FD9D12269FE200030726B;
			productRefGroup = 188FD9DB2269FE200030726B /* Products */;
			projectDirPath = "";
			projectRoot = "";
			targets = (
				188FD9D92269FE200030726B /* objc */,
				188FD9E72269FE4C0030726B /* objc-trampolines */,
			);
		};
/* End PBXProject section */

/* Begin PBXSourcesBuildPhase section */
		188FD9D62269FE200030726B /* Sources */ = {
			isa = PBXSourcesBuildPhase;
			buildActionMask = 2147483647;
			files = (
				188FD9DE2269FE200030726B /* main.m in Sources */,
			);
			runOnlyForDeploymentPostprocessing = 0;
		};
		188FD9E52269FE4C0030726B /* Sources */ = {
			isa = PBXSourcesBuildPhase;
			buildActionMask = 2147483647;
			files = (
				188FD9F52269FE890030726B /* objc-blocktramps-i386.s in Sources */,
				188FD9F72269FE890030726B /* objc-blocktramps-arm.s in Sources */,
				188FD9F62269FE890030726B /* objc-blocktramps-arm64.s in Sources */,
				188FD9F82269FE890030726B /* objc-blocktramps-x86_64.s in Sources */,
			);
			runOnlyForDeploymentPostprocessing = 0;
		};
/* End PBXSourcesBuildPhase section */

/* Begin XCBuildConfiguration section */
		188FD9DF2269FE200030726B /* Debug */ = {
			isa = XCBuildConfiguration;
			buildSettings = {
				ALWAYS_SEARCH_USER_PATHS = NO;
				CLANG_ANALYZER_NONNULL = YES;
				CLANG_ANALYZER_NUMBER_OBJECT_CONVERSION = YES_AGGRESSIVE;
				CLANG_CXX_LANGUAGE_STANDARD = "gnu++14";
				CLANG_CXX_LIBRARY = "libc++";
				CLANG_ENABLE_MODULES = YES;
				CLANG_ENABLE_OBJC_ARC = YES;
				CLANG_ENABLE_OBJC_WEAK = YES;
				CLANG_WARN_BLOCK_CAPTURE_AUTORELEASING = YES;
				CLANG_WARN_BOOL_CONVERSION = YES;
				CLANG_WARN_COMMA = YES;
				CLANG_WARN_CONSTANT_CONVERSION = YES;
				CLANG_WARN_DEPRECATED_OBJC_IMPLEMENTATIONS = YES;
				CLANG_WARN_DIRECT_OBJC_ISA_USAGE = YES_ERROR;
				CLANG_WARN_DOCUMENTATION_COMMENTS = YES;
				CLANG_WARN_EMPTY_BODY = YES;
				CLANG_WARN_ENUM_CONVERSION = YES;
				CLANG_WARN_INFINITE_RECURSION = YES;
				CLANG_WARN_INT_CONVERSION = YES;
				CLANG_WARN_NON_LITERAL_NULL_CONVERSION = YES;
				CLANG_WARN_OBJC_IMPLICIT_RETAIN_SELF = YES;
				CLANG_WARN_OBJC_LITERAL_CONVERSION = YES;
				CLANG_WARN_OBJC_ROOT_CLASS = YES_ERROR;
				CLANG_WARN_RANGE_LOOP_ANALYSIS = YES;
				CLANG_WARN_STRICT_PROTOTYPES = YES;
				CLANG_WARN_SUSPICIOUS_MOVE = YES;
				CLANG_WARN_UNGUARDED_AVAILABILITY = YES_AGGRESSIVE;
				CLANG_WARN_UNREACHABLE_CODE = YES;
				CLANG_WARN__DUPLICATE_METHOD_MATCH = YES;
				CODE_SIGN_IDENTITY = "-";
				COPY_PHASE_STRIP = NO;
				DEBUG_INFORMATION_FORMAT = dwarf;
				ENABLE_STRICT_OBJC_MSGSEND = YES;
				ENABLE_TESTABILITY = YES;
				GCC_C_LANGUAGE_STANDARD = gnu11;
				GCC_DYNAMIC_NO_PIC = NO;
				GCC_NO_COMMON_BLOCKS = YES;
				GCC_OPTIMIZATION_LEVEL = 0;
				GCC_PREPROCESSOR_DEFINITIONS = (
					"DEBUG=1",
					"$(inherited)",
				);
				GCC_WARN_64_TO_32_BIT_CONVERSION = YES;
				GCC_WARN_ABOUT_RETURN_TYPE = YES_ERROR;
				GCC_WARN_UNDECLARED_SELECTOR = YES;
				GCC_WARN_UNINITIALIZED_AUTOS = YES_AGGRESSIVE;
				GCC_WARN_UNUSED_FUNCTION = YES;
				GCC_WARN_UNUSED_VARIABLE = YES;
				MACOSX_DEPLOYMENT_TARGET = 10.14;
				MTL_ENABLE_DEBUG_INFO = INCLUDE_SOURCE;
				MTL_FAST_MATH = YES;
				ONLY_ACTIVE_ARCH = YES;
				SDKROOT = macosx;
			};
			name = Debug;
		};
		188FD9E02269FE200030726B /* Release */ = {
			isa = XCBuildConfiguration;
			buildSettings = {
				ALWAYS_SEARCH_USER_PATHS = NO;
				CLANG_ANALYZER_NONNULL = YES;
				CLANG_ANALYZER_NUMBER_OBJECT_CONVERSION = YES_AGGRESSIVE;
				CLANG_CXX_LANGUAGE_STANDARD = "gnu++14";
				CLANG_CXX_LIBRARY = "libc++";
				CLANG_ENABLE_MODULES = YES;
				CLANG_ENABLE_OBJC_ARC = YES;
				CLANG_ENABLE_OBJC_WEAK = YES;
				CLANG_WARN_BLOCK_CAPTURE_AUTORELEASING = YES;
				CLANG_WARN_BOOL_CONVERSION = YES;
				CLANG_WARN_COMMA = YES;
				CLANG_WARN_CONSTANT_CONVERSION = YES;
				CLANG_WARN_DEPRECATED_OBJC_IMPLEMENTATIONS = YES;
				CLANG_WARN_DIRECT_OBJC_ISA_USAGE = YES_ERROR;
				CLANG_WARN_DOCUMENTATION_COMMENTS = YES;
				CLANG_WARN_EMPTY_BODY = YES;
				CLANG_WARN_ENUM_CONVERSION = YES;
				CLANG_WARN_INFINITE_RECURSION = YES;
				CLANG_WARN_INT_CONVERSION = YES;
				CLANG_WARN_NON_LITERAL_NULL_CONVERSION = YES;
				CLANG_WARN_OBJC_IMPLICIT_RETAIN_SELF = YES;
				CLANG_WARN_OBJC_LITERAL_CONVERSION = YES;
				CLANG_WARN_OBJC_ROOT_CLASS = YES_ERROR;
				CLANG_WARN_RANGE_LOOP_ANALYSIS = YES;
				CLANG_WARN_STRICT_PROTOTYPES = YES;
				CLANG_WARN_SUSPICIOUS_MOVE = YES;
				CLANG_WARN_UNGUARDED_AVAILABILITY = YES_AGGRESSIVE;
				CLANG_WARN_UNREACHABLE_CODE = YES;
				CLANG_WARN__DUPLICATE_METHOD_MATCH = YES;
				CODE_SIGN_IDENTITY = "-";
				COPY_PHASE_STRIP = NO;
				DEBUG_INFORMATION_FORMAT = "dwarf-with-dsym";
				ENABLE_NS_ASSERTIONS = NO;
				ENABLE_STRICT_OBJC_MSGSEND = YES;
				GCC_C_LANGUAGE_STANDARD = gnu11;
				GCC_NO_COMMON_BLOCKS = YES;
				GCC_WARN_64_TO_32_BIT_CONVERSION = YES;
				GCC_WARN_ABOUT_RETURN_TYPE = YES_ERROR;
				GCC_WARN_UNDECLARED_SELECTOR = YES;
				GCC_WARN_UNINITIALIZED_AUTOS = YES_AGGRESSIVE;
				GCC_WARN_UNUSED_FUNCTION = YES;
				GCC_WARN_UNUSED_VARIABLE = YES;
				MACOSX_DEPLOYMENT_TARGET = 10.14;
				MTL_ENABLE_DEBUG_INFO = NO;
				MTL_FAST_MATH = YES;
				SDKROOT = macosx;
			};
			name = Release;
		};
		188FD9E22269FE200030726B /* Debug */ = {
			isa = XCBuildConfiguration;
			buildSettings = {
				CODE_SIGN_STYLE = Automatic;
				PRODUCT_NAME = "$(TARGET_NAME)";
			};
			name = Debug;
		};
		188FD9E32269FE200030726B /* Release */ = {
			isa = XCBuildConfiguration;
			buildSettings = {
				CODE_SIGN_STYLE = Automatic;
				PRODUCT_NAME = "$(TARGET_NAME)";
			};
			name = Release;
		};
		188FD9EF2269FE4C0030726B /* Debug */ = {
			isa = XCBuildConfiguration;
			buildSettings = {
				CLANG_ENABLE_MODULES = NO;
				CODE_SIGN_STYLE = Automatic;
				DYLIB_COMPATIBILITY_VERSION = 1;
				DYLIB_CURRENT_VERSION = 1;
				EXECUTABLE_PREFIX = lib;
				PRODUCT_NAME = "$(TARGET_NAME)";
				SKIP_INSTALL = YES;
			};
			name = Debug;
		};
		188FD9F02269FE4C0030726B /* Release */ = {
			isa = XCBuildConfiguration;
			buildSettings = {
				CLANG_ENABLE_MODULES = NO;
				CODE_SIGN_STYLE = Automatic;
				DYLIB_COMPATIBILITY_VERSION = 1;
				DYLIB_CURRENT_VERSION = 1;
				EXECUTABLE_PREFIX = lib;
				PRODUCT_NAME = "$(TARGET_NAME)";
				SKIP_INSTALL = YES;
			};
			name = Release;
		};
/* End XCBuildConfiguration section */

/* Begin XCConfigurationList section */
		188FD9D52269FE200030726B /* Build configuration list for PBXProject "objc" */ = {
			isa = XCConfigurationList;
			buildConfigurations = (
				188FD9DF2269FE200030726B /* Debug */,
				188FD9E02269FE200030726B /* Release */,
			);
			defaultConfigurationIsVisible = 0;
			defaultConfigurationName = Release;
		};
		188FD9E12269FE200030726B /* Build configuration list for PBXNativeTarget "objc" */ = {
			isa = XCConfigurationList;
			buildConfigurations = (
				188FD9E22269FE200030726B /* Debug */,
				188FD9E32269FE200030726B /* Release */,
			);
			defaultConfigurationIsVisible = 0;
			defaultConfigurationName = Release;
		};
		188FD9EE2269FE4C0030726B /* Build configuration list for PBXNativeTarget "objc-trampolines" */ = {
			isa = XCConfigurationList;
			buildConfigurations = (
				188FD9EF2269FE4C0030726B /* Debug */,
				188FD9F02269FE4C0030726B /* Release */,
			);
			defaultConfigurationIsVisible = 0;
			defaultConfigurationName = Release;
		};
/* End XCConfigurationList section */
	};
	rootObject = 188FD9D22269FE200030726B /* Project object */;
}
