// !$*UTF8*$!
{
	archiveVersion = 1;
	classes = {
	};
	objectVersion = 50;
	objects = {

/* Begin PBXBuildFile section */
		188FD9F52269FE890030726B /* objc-blocktramps-i386.s in Sources */ = {isa = PBXBuildFile; fileRef = 188FD9F12269FE880030726B /* objc-blocktramps-i386.s */; };
		188FD9F62269FE890030726B /* objc-blocktramps-arm64.s in Sources */ = {isa = PBXBuildFile; fileRef = 188FD9F22269FE880030726B /* objc-blocktramps-arm64.s */; };
		188FD9F72269FE890030726B /* objc-blocktramps-arm.s in Sources */ = {isa = PBXBuildFile; fileRef = 188FD9F32269FE890030726B /* objc-blocktramps-arm.s */; };
		188FD9F82269FE890030726B /* objc-blocktramps-x86_64.s in Sources */ = {isa = PBXBuildFile; fileRef = 188FD9F42269FE890030726B /* objc-blocktramps-x86_64.s */; };
		188FD9FB226A05970030726B /* objc-block-trampolines.h in Headers */ = {isa = PBXBuildFile; fileRef = 188FD9F92269FF870030726B /* objc-block-trampolines.h */; settings = {ATTRIBUTES = (Private, ); }; };
		188FDA15226A0DA50030726B /* main.m in Sources */ = {isa = PBXBuildFile; fileRef = 188FDA14226A0DA50030726B /* main.m */; };
		188FDA27226A0DEA0030726B /* libobjc-trampolines.dylib in Frameworks */ = {isa = PBXBuildFile; fileRef = 188FD9E82269FE4C0030726B /* libobjc-trampolines.dylib */; };
		18CE4237226B733600CCD4C7 /* hashtable2.mm in Sources */ = {isa = PBXBuildFile; fileRef = 18CE4236226B733600CCD4C7 /* hashtable2.mm */; };
		18CE4245226B753C00CCD4C7 /* objc-probes.d in Sources */ = {isa = PBXBuildFile; fileRef = 18CE4244226B753C00CCD4C7 /* objc-probes.d */; };
		18CE4289226B7DE900CCD4C7 /* objc-config.h in Headers */ = {isa = PBXBuildFile; fileRef = 18CE4267226B7DE900CCD4C7 /* objc-config.h */; };
		18CE428A226B7DE900CCD4C7 /* objc-private.h in Headers */ = {isa = PBXBuildFile; fileRef = 18CE4268226B7DE900CCD4C7 /* objc-private.h */; };
		18CE428B226B7DE900CCD4C7 /* isa.h in Headers */ = {isa = PBXBuildFile; fileRef = 18CE4269226B7DE900CCD4C7 /* isa.h */; };
		18CE428C226B7DE900CCD4C7 /* objc-locks-new.h in Headers */ = {isa = PBXBuildFile; fileRef = 18CE426A226B7DE900CCD4C7 /* objc-locks-new.h */; };
		18CE428D226B7DE900CCD4C7 /* objc-os.h in Headers */ = {isa = PBXBuildFile; fileRef = 18CE426B226B7DE900CCD4C7 /* objc-os.h */; };
		18CE428E226B7DE900CCD4C7 /* objc-lockdebug.h in Headers */ = {isa = PBXBuildFile; fileRef = 18CE426C226B7DE900CCD4C7 /* objc-lockdebug.h */; };
		18CE428F226B7DE900CCD4C7 /* objc-file.h in Headers */ = {isa = PBXBuildFile; fileRef = 18CE426D226B7DE900CCD4C7 /* objc-file.h */; };
		18CE4290226B7DE900CCD4C7 /* objc-env.h in Headers */ = {isa = PBXBuildFile; fileRef = 18CE426E226B7DE900CCD4C7 /* objc-env.h */; };
		18CE4291226B7DE900CCD4C7 /* objc-sel-set.h in Headers */ = {isa = PBXBuildFile; fileRef = 18CE426F226B7DE900CCD4C7 /* objc-sel-set.h */; };
		18CE4292226B7DE900CCD4C7 /* objc-weak.h in Headers */ = {isa = PBXBuildFile; fileRef = 18CE4270226B7DE900CCD4C7 /* objc-weak.h */; };
		18CE4293226B7DE900CCD4C7 /* objc-exception.h in Headers */ = {isa = PBXBuildFile; fileRef = 18CE4272226B7DE900CCD4C7 /* objc-exception.h */; settings = {ATTRIBUTES = (Public, ); }; };
		18CE4294226B7DE900CCD4C7 /* NSObjCRuntime.h in Headers */ = {isa = PBXBuildFile; fileRef = 18CE4273226B7DE900CCD4C7 /* NSObjCRuntime.h */; settings = {ATTRIBUTES = (Public, ); }; };
		18CE4295226B7DE900CCD4C7 /* objc-sync.h in Headers */ = {isa = PBXBuildFile; fileRef = 18CE4274226B7DE900CCD4C7 /* objc-sync.h */; settings = {ATTRIBUTES = (Public, ); }; };
		18CE4296226B7DE900CCD4C7 /* message.h in Headers */ = {isa = PBXBuildFile; fileRef = 18CE4275226B7DE900CCD4C7 /* message.h */; settings = {ATTRIBUTES = (Public, ); }; };
		18CE4297226B7DE900CCD4C7 /* objc.h in Headers */ = {isa = PBXBuildFile; fileRef = 18CE4276226B7DE900CCD4C7 /* objc.h */; settings = {ATTRIBUTES = (Public, ); }; };
		18CE4298226B7DE900CCD4C7 /* runtime.h in Headers */ = {isa = PBXBuildFile; fileRef = 18CE4277226B7DE900CCD4C7 /* runtime.h */; settings = {ATTRIBUTES = (Public, ); }; };
		18CE4299226B7DE900CCD4C7 /* NSObject.h in Headers */ = {isa = PBXBuildFile; fileRef = 18CE4278226B7DE900CCD4C7 /* NSObject.h */; settings = {ATTRIBUTES = (Public, ); }; };
		18CE429B226B7DE900CCD4C7 /* objc-auto.h in Headers */ = {isa = PBXBuildFile; fileRef = 18CE427A226B7DE900CCD4C7 /* objc-auto.h */; settings = {ATTRIBUTES = (Public, ); }; };
		18CE429C226B7DE900CCD4C7 /* objc-api.h in Headers */ = {isa = PBXBuildFile; fileRef = 18CE427B226B7DE900CCD4C7 /* objc-api.h */; settings = {ATTRIBUTES = (Public, ); }; };
		18CE429D226B7DE900CCD4C7 /* hashtable2.h in Headers */ = {isa = PBXBuildFile; fileRef = 18CE427C226B7DE900CCD4C7 /* hashtable2.h */; settings = {ATTRIBUTES = (Public, ); }; };
		18CE429E226B7DE900CCD4C7 /* objc-gdb.h in Headers */ = {isa = PBXBuildFile; fileRef = 18CE427E226B7DE900CCD4C7 /* objc-gdb.h */; settings = {ATTRIBUTES = (Private, ); }; };
		18CE429F226B7DE900CCD4C7 /* objc-internal.h in Headers */ = {isa = PBXBuildFile; fileRef = 18CE427F226B7DE900CCD4C7 /* objc-internal.h */; settings = {ATTRIBUTES = (Private, ); }; };
		18CE42A0226B7DE900CCD4C7 /* maptable.h in Headers */ = {isa = PBXBuildFile; fileRef = 18CE4280226B7DE900CCD4C7 /* maptable.h */; settings = {ATTRIBUTES = (Private, ); }; };
		18CE42A1226B7DE900CCD4C7 /* objc-abi.h in Headers */ = {isa = PBXBuildFile; fileRef = 18CE4281226B7DE900CCD4C7 /* objc-abi.h */; settings = {ATTRIBUTES = (Private, ); }; };
		18CE42A2226B7DE900CCD4C7 /* objc-object.h in Headers */ = {isa = PBXBuildFile; fileRef = 18CE4282226B7DE900CCD4C7 /* objc-object.h */; };
		18CE42A3226B7DE900CCD4C7 /* objc-initialize.h in Headers */ = {isa = PBXBuildFile; fileRef = 18CE4283226B7DE900CCD4C7 /* objc-initialize.h */; };
		18CE42A4226B7DE900CCD4C7 /* objc-loadmethod.h in Headers */ = {isa = PBXBuildFile; fileRef = 18CE4284226B7DE900CCD4C7 /* objc-loadmethod.h */; };
		18CE42A5226B7DE900CCD4C7 /* objc-ptrauth.h in Headers */ = {isa = PBXBuildFile; fileRef = 18CE4285226B7DE900CCD4C7 /* objc-ptrauth.h */; };
		18CE42A6226B7DE900CCD4C7 /* objc-references.h in Headers */ = {isa = PBXBuildFile; fileRef = 18CE4286226B7DE900CCD4C7 /* objc-references.h */; };
		18CE42A7226B7DE900CCD4C7 /* objc-runtime-new.h in Headers */ = {isa = PBXBuildFile; fileRef = 18CE4287226B7DE900CCD4C7 /* objc-runtime-new.h */; };
		18CE42A8226B7DE900CCD4C7 /* objc-locks.h in Headers */ = {isa = PBXBuildFile; fileRef = 18CE4288226B7DE900CCD4C7 /* objc-locks.h */; };
/* End PBXBuildFile section */

/* Begin PBXContainerItemProxy section */
		188FDA28226A0DF70030726B /* PBXContainerItemProxy */ = {
			isa = PBXContainerItemProxy;
			containerPortal = 188FD9D22269FE200030726B /* Project object */;
			proxyType = 1;
			remoteGlobalIDString = 188FD9E72269FE4C0030726B;
			remoteInfo = "objc-trampolines";
		};
/* End PBXContainerItemProxy section */

/* Begin PBXCopyFilesBuildPhase section */
		188FDA10226A0DA50030726B /* CopyFiles */ = {
			isa = PBXCopyFilesBuildPhase;
			buildActionMask = 2147483647;
			dstPath = /usr/share/man/man1/;
			dstSubfolderSpec = 0;
			files = (
			);
			runOnlyForDeploymentPostprocessing = 1;
		};
/* End PBXCopyFilesBuildPhase section */

/* Begin PBXFileReference section */
		188FD9E82269FE4C0030726B /* libobjc-trampolines.dylib */ = {isa = PBXFileReference; explicitFileType = "compiled.mach-o.dylib"; includeInIndex = 0; path = "libobjc-trampolines.dylib"; sourceTree = BUILT_PRODUCTS_DIR; };
		188FD9F12269FE880030726B /* objc-blocktramps-i386.s */ = {isa = PBXFileReference; fileEncoding = 4; lastKnownFileType = sourcecode.asm; path = "objc-blocktramps-i386.s"; sourceTree = "<group>"; };
		188FD9F22269FE880030726B /* objc-blocktramps-arm64.s */ = {isa = PBXFileReference; fileEncoding = 4; lastKnownFileType = sourcecode.asm; path = "objc-blocktramps-arm64.s"; sourceTree = "<group>"; };
		188FD9F32269FE890030726B /* objc-blocktramps-arm.s */ = {isa = PBXFileReference; fileEncoding = 4; lastKnownFileType = sourcecode.asm; path = "objc-blocktramps-arm.s"; sourceTree = "<group>"; };
		188FD9F42269FE890030726B /* objc-blocktramps-x86_64.s */ = {isa = PBXFileReference; fileEncoding = 4; lastKnownFileType = sourcecode.asm; path = "objc-blocktramps-x86_64.s"; sourceTree = "<group>"; };
		188FD9F92269FF870030726B /* objc-block-trampolines.h */ = {isa = PBXFileReference; fileEncoding = 4; lastKnownFileType = sourcecode.c.h; path = "objc-block-trampolines.h"; sourceTree = "<group>"; };
		188FDA12226A0DA50030726B /* Demo */ = {isa = PBXFileReference; explicitFileType = "compiled.mach-o.executable"; includeInIndex = 0; path = Demo; sourceTree = BUILT_PRODUCTS_DIR; };
		188FDA14226A0DA50030726B /* main.m */ = {isa = PBXFileReference; lastKnownFileType = sourcecode.c.objc; path = main.m; sourceTree = "<group>"; };
		188FDA1D226A0DB90030726B /* libobjc.dylib */ = {isa = PBXFileReference; explicitFileType = "compiled.mach-o.dylib"; includeInIndex = 0; path = libobjc.dylib; sourceTree = BUILT_PRODUCTS_DIR; };
		18CE4236226B733600CCD4C7 /* hashtable2.mm */ = {isa = PBXFileReference; fileEncoding = 4; lastKnownFileType = sourcecode.cpp.objcpp; path = hashtable2.mm; sourceTree = "<group>"; };
		18CE4244226B753C00CCD4C7 /* objc-probes.d */ = {isa = PBXFileReference; fileEncoding = 4; lastKnownFileType = sourcecode.dtrace; path = "objc-probes.d"; sourceTree = "<group>"; };
		18CE4267226B7DE900CCD4C7 /* objc-config.h */ = {isa = PBXFileReference; fileEncoding = 4; lastKnownFileType = sourcecode.c.h; path = "objc-config.h"; sourceTree = "<group>"; };
		18CE4268226B7DE900CCD4C7 /* objc-private.h */ = {isa = PBXFileReference; fileEncoding = 4; lastKnownFileType = sourcecode.c.h; path = "objc-private.h"; sourceTree = "<group>"; };
		18CE4269226B7DE900CCD4C7 /* isa.h */ = {isa = PBXFileReference; fileEncoding = 4; lastKnownFileType = sourcecode.c.h; path = isa.h; sourceTree = "<group>"; };
		18CE426A226B7DE900CCD4C7 /* objc-locks-new.h */ = {isa = PBXFileReference; fileEncoding = 4; lastKnownFileType = sourcecode.c.h; path = "objc-locks-new.h"; sourceTree = "<group>"; };
		18CE426B226B7DE900CCD4C7 /* objc-os.h */ = {isa = PBXFileReference; fileEncoding = 4; lastKnownFileType = sourcecode.c.h; path = "objc-os.h"; sourceTree = "<group>"; };
		18CE426C226B7DE900CCD4C7 /* objc-lockdebug.h */ = {isa = PBXFileReference; fileEncoding = 4; lastKnownFileType = sourcecode.c.h; path = "objc-lockdebug.h"; sourceTree = "<group>"; };
		18CE426D226B7DE900CCD4C7 /* objc-file.h */ = {isa = PBXFileReference; fileEncoding = 4; lastKnownFileType = sourcecode.c.h; path = "objc-file.h"; sourceTree = "<group>"; };
		18CE426E226B7DE900CCD4C7 /* objc-env.h */ = {isa = PBXFileReference; fileEncoding = 4; lastKnownFileType = sourcecode.c.h; path = "objc-env.h"; sourceTree = "<group>"; };
		18CE426F226B7DE900CCD4C7 /* objc-sel-set.h */ = {isa = PBXFileReference; fileEncoding = 4; lastKnownFileType = sourcecode.c.h; path = "objc-sel-set.h"; sourceTree = "<group>"; };
		18CE4270226B7DE900CCD4C7 /* objc-weak.h */ = {isa = PBXFileReference; fileEncoding = 4; lastKnownFileType = sourcecode.c.h; path = "objc-weak.h"; sourceTree = "<group>"; };
		18CE4272226B7DE900CCD4C7 /* objc-exception.h */ = {isa = PBXFileReference; fileEncoding = 4; lastKnownFileType = sourcecode.c.h; path = "objc-exception.h"; sourceTree = "<group>"; };
		18CE4273226B7DE900CCD4C7 /* NSObjCRuntime.h */ = {isa = PBXFileReference; fileEncoding = 4; lastKnownFileType = sourcecode.c.h; path = NSObjCRuntime.h; sourceTree = "<group>"; };
		18CE4274226B7DE900CCD4C7 /* objc-sync.h */ = {isa = PBXFileReference; fileEncoding = 4; lastKnownFileType = sourcecode.c.h; path = "objc-sync.h"; sourceTree = "<group>"; };
		18CE4275226B7DE900CCD4C7 /* message.h */ = {isa = PBXFileReference; fileEncoding = 4; lastKnownFileType = sourcecode.c.h; path = message.h; sourceTree = "<group>"; };
		18CE4276226B7DE900CCD4C7 /* objc.h */ = {isa = PBXFileReference; fileEncoding = 4; lastKnownFileType = sourcecode.c.h; path = objc.h; sourceTree = "<group>"; };
		18CE4277226B7DE900CCD4C7 /* runtime.h */ = {isa = PBXFileReference; fileEncoding = 4; lastKnownFileType = sourcecode.c.h; path = runtime.h; sourceTree = "<group>"; };
		18CE4278226B7DE900CCD4C7 /* NSObject.h */ = {isa = PBXFileReference; fileEncoding = 4; lastKnownFileType = sourcecode.c.h; path = NSObject.h; sourceTree = "<group>"; };
		18CE427A226B7DE900CCD4C7 /* objc-auto.h */ = {isa = PBXFileReference; fileEncoding = 4; lastKnownFileType = sourcecode.c.h; path = "objc-auto.h"; sourceTree = "<group>"; };
		18CE427B226B7DE900CCD4C7 /* objc-api.h */ = {isa = PBXFileReference; fileEncoding = 4; lastKnownFileType = sourcecode.c.h; path = "objc-api.h"; sourceTree = "<group>"; };
		18CE427C226B7DE900CCD4C7 /* hashtable2.h */ = {isa = PBXFileReference; fileEncoding = 4; lastKnownFileType = sourcecode.c.h; path = hashtable2.h; sourceTree = "<group>"; };
		18CE427E226B7DE900CCD4C7 /* objc-gdb.h */ = {isa = PBXFileReference; fileEncoding = 4; lastKnownFileType = sourcecode.c.h; path = "objc-gdb.h"; sourceTree = "<group>"; };
		18CE427F226B7DE900CCD4C7 /* objc-internal.h */ = {isa = PBXFileReference; fileEncoding = 4; lastKnownFileType = sourcecode.c.h; path = "objc-internal.h"; sourceTree = "<group>"; };
		18CE4280226B7DE900CCD4C7 /* maptable.h */ = {isa = PBXFileReference; fileEncoding = 4; lastKnownFileType = sourcecode.c.h; path = maptable.h; sourceTree = "<group>"; };
		18CE4281226B7DE900CCD4C7 /* objc-abi.h */ = {isa = PBXFileReference; fileEncoding = 4; lastKnownFileType = sourcecode.c.h; path = "objc-abi.h"; sourceTree = "<group>"; };
		18CE4282226B7DE900CCD4C7 /* objc-object.h */ = {isa = PBXFileReference; fileEncoding = 4; lastKnownFileType = sourcecode.c.h; path = "objc-object.h"; sourceTree = "<group>"; };
		18CE4283226B7DE900CCD4C7 /* objc-initialize.h */ = {isa = PBXFileReference; fileEncoding = 4; lastKnownFileType = sourcecode.c.h; path = "objc-initialize.h"; sourceTree = "<group>"; };
		18CE4284226B7DE900CCD4C7 /* objc-loadmethod.h */ = {isa = PBXFileReference; fileEncoding = 4; lastKnownFileType = sourcecode.c.h; path = "objc-loadmethod.h"; sourceTree = "<group>"; };
		18CE4285226B7DE900CCD4C7 /* objc-ptrauth.h */ = {isa = PBXFileReference; fileEncoding = 4; lastKnownFileType = sourcecode.c.h; path = "objc-ptrauth.h"; sourceTree = "<group>"; };
		18CE4286226B7DE900CCD4C7 /* objc-references.h */ = {isa = PBXFileReference; fileEncoding = 4; lastKnownFileType = sourcecode.c.h; path = "objc-references.h"; sourceTree = "<group>"; };
		18CE4287226B7DE900CCD4C7 /* objc-runtime-new.h */ = {isa = PBXFileReference; fileEncoding = 4; lastKnownFileType = sourcecode.c.h; path = "objc-runtime-new.h"; sourceTree = "<group>"; };
		18CE4288226B7DE900CCD4C7 /* objc-locks.h */ = {isa = PBXFileReference; fileEncoding = 4; lastKnownFileType = sourcecode.c.h; path = "objc-locks.h"; sourceTree = "<group>"; };
/* End PBXFileReference section */

/* Begin PBXFrameworksBuildPhase section */
		188FD9E62269FE4C0030726B /* Frameworks */ = {
			isa = PBXFrameworksBuildPhase;
			buildActionMask = 2147483647;
			files = (
			);
			runOnlyForDeploymentPostprocessing = 0;
		};
		188FDA0F226A0DA50030726B /* Frameworks */ = {
			isa = PBXFrameworksBuildPhase;
			buildActionMask = 2147483647;
			files = (
			);
			runOnlyForDeploymentPostprocessing = 0;
		};
		188FDA1B226A0DB90030726B /* Frameworks */ = {
			isa = PBXFrameworksBuildPhase;
			buildActionMask = 2147483647;
			files = (
				188FDA27226A0DEA0030726B /* libobjc-trampolines.dylib in Frameworks */,
			);
			runOnlyForDeploymentPostprocessing = 0;
		};
/* End PBXFrameworksBuildPhase section */

/* Begin PBXGroup section */
		188FD9D12269FE200030726B = {
			isa = PBXGroup;
			children = (
				188FD9E92269FE4C0030726B /* objc-trampolines */,
				188FDA13226A0DA50030726B /* Demo */,
				188FDA1E226A0DBA0030726B /* objc */,
				188FD9DB2269FE200030726B /* Products */,
				188FDA26226A0DEA0030726B /* Frameworks */,
			);
			sourceTree = "<group>";
		};
		188FD9DB2269FE200030726B /* Products */ = {
			isa = PBXGroup;
			children = (
				188FD9E82269FE4C0030726B /* libobjc-trampolines.dylib */,
				188FDA12226A0DA50030726B /* Demo */,
				188FDA1D226A0DB90030726B /* libobjc.dylib */,
			);
			name = Products;
			sourceTree = "<group>";
		};
		188FD9E92269FE4C0030726B /* objc-trampolines */ = {
			isa = PBXGroup;
			children = (
				188FD9F92269FF870030726B /* objc-block-trampolines.h */,
				188FD9F32269FE890030726B /* objc-blocktramps-arm.s */,
				188FD9F22269FE880030726B /* objc-blocktramps-arm64.s */,
				188FD9F12269FE880030726B /* objc-blocktramps-i386.s */,
				188FD9F42269FE890030726B /* objc-blocktramps-x86_64.s */,
			);
			path = "objc-trampolines";
			sourceTree = "<group>";
		};
		188FDA13226A0DA50030726B /* Demo */ = {
			isa = PBXGroup;
			children = (
				188FDA14226A0DA50030726B /* main.m */,
			);
			path = Demo;
			sourceTree = "<group>";
		};
		188FDA1E226A0DBA0030726B /* objc */ = {
			isa = PBXGroup;
			children = (
				18CE4266226B7DE900CCD4C7 /* include */,
				18CE4236226B733600CCD4C7 /* hashtable2.mm */,
				18CE4244226B753C00CCD4C7 /* objc-probes.d */,
			);
			path = objc;
			sourceTree = "<group>";
		};
		188FDA26226A0DEA0030726B /* Frameworks */ = {
			isa = PBXGroup;
			children = (
			);
			name = Frameworks;
			sourceTree = "<group>";
		};
		18CE4266226B7DE900CCD4C7 /* include */ = {
			isa = PBXGroup;
			children = (
				18CE4271226B7DE900CCD4C7 /* public */,
				18CE427D226B7DE900CCD4C7 /* private */,
				18CE4267226B7DE900CCD4C7 /* objc-config.h */,
				18CE4268226B7DE900CCD4C7 /* objc-private.h */,
				18CE4269226B7DE900CCD4C7 /* isa.h */,
				18CE426A226B7DE900CCD4C7 /* objc-locks-new.h */,
				18CE426B226B7DE900CCD4C7 /* objc-os.h */,
				18CE426C226B7DE900CCD4C7 /* objc-lockdebug.h */,
				18CE426D226B7DE900CCD4C7 /* objc-file.h */,
				18CE426E226B7DE900CCD4C7 /* objc-env.h */,
				18CE426F226B7DE900CCD4C7 /* objc-sel-set.h */,
				18CE4270226B7DE900CCD4C7 /* objc-weak.h */,
				18CE4282226B7DE900CCD4C7 /* objc-object.h */,
				18CE4283226B7DE900CCD4C7 /* objc-initialize.h */,
				18CE4284226B7DE900CCD4C7 /* objc-loadmethod.h */,
				18CE4285226B7DE900CCD4C7 /* objc-ptrauth.h */,
				18CE4286226B7DE900CCD4C7 /* objc-references.h */,
				18CE4287226B7DE900CCD4C7 /* objc-runtime-new.h */,
				18CE4288226B7DE900CCD4C7 /* objc-locks.h */,
			);
			path = include;
			sourceTree = "<group>";
		};
		18CE4271226B7DE900CCD4C7 /* public */ = {
			isa = PBXGroup;
			children = (
				18CE4272226B7DE900CCD4C7 /* objc-exception.h */,
				18CE4273226B7DE900CCD4C7 /* NSObjCRuntime.h */,
				18CE4274226B7DE900CCD4C7 /* objc-sync.h */,
				18CE4275226B7DE900CCD4C7 /* message.h */,
				18CE4276226B7DE900CCD4C7 /* objc.h */,
				18CE4277226B7DE900CCD4C7 /* runtime.h */,
				18CE4278226B7DE900CCD4C7 /* NSObject.h */,
				18CE427A226B7DE900CCD4C7 /* objc-auto.h */,
				18CE427B226B7DE900CCD4C7 /* objc-api.h */,
				18CE427C226B7DE900CCD4C7 /* hashtable2.h */,
			);
			path = public;
			sourceTree = "<group>";
		};
		18CE427D226B7DE900CCD4C7 /* private */ = {
			isa = PBXGroup;
			children = (
				18CE427E226B7DE900CCD4C7 /* objc-gdb.h */,
				18CE427F226B7DE900CCD4C7 /* objc-internal.h */,
				18CE4280226B7DE900CCD4C7 /* maptable.h */,
				18CE4281226B7DE900CCD4C7 /* objc-abi.h */,
			);
			path = private;
			sourceTree = "<group>";
		};
/* End PBXGroup section */

/* Begin PBXHeadersBuildPhase section */
		188FD9E42269FE4C0030726B /* Headers */ = {
			isa = PBXHeadersBuildPhase;
			buildActionMask = 2147483647;
			files = (
				188FD9FB226A05970030726B /* objc-block-trampolines.h in Headers */,
			);
			runOnlyForDeploymentPostprocessing = 0;
		};
		188FDA19226A0DB90030726B /* Headers */ = {
			isa = PBXHeadersBuildPhase;
			buildActionMask = 2147483647;
			files = (
				18CE429F226B7DE900CCD4C7 /* objc-internal.h in Headers */,
				18CE4294226B7DE900CCD4C7 /* NSObjCRuntime.h in Headers */,
				18CE42A6226B7DE900CCD4C7 /* objc-references.h in Headers */,
				18CE428C226B7DE900CCD4C7 /* objc-locks-new.h in Headers */,
				18CE428F226B7DE900CCD4C7 /* objc-file.h in Headers */,
				18CE4298226B7DE900CCD4C7 /* runtime.h in Headers */,
				18CE42A5226B7DE900CCD4C7 /* objc-ptrauth.h in Headers */,
				18CE42A2226B7DE900CCD4C7 /* objc-object.h in Headers */,
				18CE429B226B7DE900CCD4C7 /* objc-auto.h in Headers */,
				18CE42A8226B7DE900CCD4C7 /* objc-locks.h in Headers */,
				18CE4299226B7DE900CCD4C7 /* NSObject.h in Headers */,
				18CE429E226B7DE900CCD4C7 /* objc-gdb.h in Headers */,
				18CE4295226B7DE900CCD4C7 /* objc-sync.h in Headers */,
				18CE42A1226B7DE900CCD4C7 /* objc-abi.h in Headers */,
				18CE42A4226B7DE900CCD4C7 /* objc-loadmethod.h in Headers */,
				18CE4296226B7DE900CCD4C7 /* message.h in Headers */,
				18CE428B226B7DE900CCD4C7 /* isa.h in Headers */,
				18CE42A3226B7DE900CCD4C7 /* objc-initialize.h in Headers */,
				18CE42A7226B7DE900CCD4C7 /* objc-runtime-new.h in Headers */,
				18CE429D226B7DE900CCD4C7 /* hashtable2.h in Headers */,
				18CE429C226B7DE900CCD4C7 /* objc-api.h in Headers */,
				18CE4291226B7DE900CCD4C7 /* objc-sel-set.h in Headers */,
				18CE428D226B7DE900CCD4C7 /* objc-os.h in Headers */,
				18CE4290226B7DE900CCD4C7 /* objc-env.h in Headers */,
				18CE4292226B7DE900CCD4C7 /* objc-weak.h in Headers */,
				18CE4297226B7DE900CCD4C7 /* objc.h in Headers */,
				18CE428A226B7DE900CCD4C7 /* objc-private.h in Headers */,
				18CE4289226B7DE900CCD4C7 /* objc-config.h in Headers */,
				18CE428E226B7DE900CCD4C7 /* objc-lockdebug.h in Headers */,
				18CE42A0226B7DE900CCD4C7 /* maptable.h in Headers */,
				18CE4293226B7DE900CCD4C7 /* objc-exception.h in Headers */,
			);
			runOnlyForDeploymentPostprocessing = 0;
		};
/* End PBXHeadersBuildPhase section */

/* Begin PBXNativeTarget section */
		188FD9E72269FE4C0030726B /* objc-trampolines */ = {
			isa = PBXNativeTarget;
			buildConfigurationList = 188FD9EE2269FE4C0030726B /* Build configuration list for PBXNativeTarget "objc-trampolines" */;
			buildPhases = (
				188FD9E42269FE4C0030726B /* Headers */,
				188FD9E52269FE4C0030726B /* Sources */,
				188FD9E62269FE4C0030726B /* Frameworks */,
			);
			buildRules = (
			);
			dependencies = (
			);
			name = "objc-trampolines";
			productName = "objc-trampolines";
			productReference = 188FD9E82269FE4C0030726B /* libobjc-trampolines.dylib */;
			productType = "com.apple.product-type.library.dynamic";
		};
		188FDA11226A0DA50030726B /* Demo */ = {
			isa = PBXNativeTarget;
			buildConfigurationList = 188FDA18226A0DA50030726B /* Build configuration list for PBXNativeTarget "Demo" */;
			buildPhases = (
				188FDA0E226A0DA50030726B /* Sources */,
				188FDA0F226A0DA50030726B /* Frameworks */,
				188FDA10226A0DA50030726B /* CopyFiles */,
			);
			buildRules = (
			);
			dependencies = (
			);
			name = Demo;
			productName = Demo;
			productReference = 188FDA12226A0DA50030726B /* Demo */;
			productType = "com.apple.product-type.tool";
		};
		188FDA1C226A0DB90030726B /* objc */ = {
			isa = PBXNativeTarget;
			buildConfigurationList = 188FDA23226A0DBA0030726B /* Build configuration list for PBXNativeTarget "objc" */;
			buildPhases = (
				188FDA19226A0DB90030726B /* Headers */,
				188FDA1A226A0DB90030726B /* Sources */,
				188FDA1B226A0DB90030726B /* Frameworks */,
			);
			buildRules = (
			);
			dependencies = (
				188FDA29226A0DF70030726B /* PBXTargetDependency */,
			);
			name = objc;
			productName = objc;
			productReference = 188FDA1D226A0DB90030726B /* libobjc.dylib */;
			productType = "com.apple.product-type.library.dynamic";
		};
/* End PBXNativeTarget section */

/* Begin PBXProject section */
		188FD9D22269FE200030726B /* Project object */ = {
			isa = PBXProject;
			attributes = {
				LastUpgradeCheck = 1020;
				ORGANIZATIONNAME = Warmbloom;
				TargetAttributes = {
					188FD9E72269FE4C0030726B = {
						CreatedOnToolsVersion = 10.2.1;
					};
					188FDA11226A0DA50030726B = {
						CreatedOnToolsVersion = 10.2.1;
					};
					188FDA1C226A0DB90030726B = {
						CreatedOnToolsVersion = 10.2.1;
					};
				};
			};
			buildConfigurationList = 188FD9D52269FE200030726B /* Build configuration list for PBXProject "objc" */;
			compatibilityVersion = "Xcode 9.3";
			developmentRegion = en;
			hasScannedForEncodings = 0;
			knownRegions = (
				en,
			);
			mainGroup = 188FD9D12269FE200030726B;
			productRefGroup = 188FD9DB2269FE200030726B /* Products */;
			projectDirPath = "";
			projectRoot = "";
			targets = (
				188FD9E72269FE4C0030726B /* objc-trampolines */,
				188FDA11226A0DA50030726B /* Demo */,
				188FDA1C226A0DB90030726B /* objc */,
			);
		};
/* End PBXProject section */

/* Begin PBXSourcesBuildPhase section */
		188FD9E52269FE4C0030726B /* Sources */ = {
			isa = PBXSourcesBuildPhase;
			buildActionMask = 2147483647;
			files = (
				188FD9F52269FE890030726B /* objc-blocktramps-i386.s in Sources */,
				188FD9F72269FE890030726B /* objc-blocktramps-arm.s in Sources */,
				188FD9F62269FE890030726B /* objc-blocktramps-arm64.s in Sources */,
				188FD9F82269FE890030726B /* objc-blocktramps-x86_64.s in Sources */,
			);
			runOnlyForDeploymentPostprocessing = 0;
		};
		188FDA0E226A0DA50030726B /* Sources */ = {
			isa = PBXSourcesBuildPhase;
			buildActionMask = 2147483647;
			files = (
				188FDA15226A0DA50030726B /* main.m in Sources */,
			);
			runOnlyForDeploymentPostprocessing = 0;
		};
		188FDA1A226A0DB90030726B /* Sources */ = {
			isa = PBXSourcesBuildPhase;
			buildActionMask = 2147483647;
			files = (
				18CE4237226B733600CCD4C7 /* hashtable2.mm in Sources */,
				18CE4245226B753C00CCD4C7 /* objc-probes.d in Sources */,
			);
			runOnlyForDeploymentPostprocessing = 0;
		};
/* End PBXSourcesBuildPhase section */

/* Begin PBXTargetDependency section */
		188FDA29226A0DF70030726B /* PBXTargetDependency */ = {
			isa = PBXTargetDependency;
			target = 188FD9E72269FE4C0030726B /* objc-trampolines */;
			targetProxy = 188FDA28226A0DF70030726B /* PBXContainerItemProxy */;
		};
/* End PBXTargetDependency section */

/* Begin XCBuildConfiguration section */
		188FD9DF2269FE200030726B /* Debug */ = {
			isa = XCBuildConfiguration;
			buildSettings = {
				ALWAYS_SEARCH_USER_PATHS = NO;
				CLANG_ANALYZER_NONNULL = YES;
				CLANG_ANALYZER_NUMBER_OBJECT_CONVERSION = YES_AGGRESSIVE;
				CLANG_CXX_LANGUAGE_STANDARD = "gnu++14";
				CLANG_CXX_LIBRARY = "libc++";
				CLANG_ENABLE_MODULES = YES;
				CLANG_ENABLE_OBJC_ARC = YES;
				CLANG_ENABLE_OBJC_WEAK = YES;
				CLANG_WARN_BLOCK_CAPTURE_AUTORELEASING = YES;
				CLANG_WARN_BOOL_CONVERSION = YES;
				CLANG_WARN_COMMA = YES;
				CLANG_WARN_CONSTANT_CONVERSION = YES;
				CLANG_WARN_DEPRECATED_OBJC_IMPLEMENTATIONS = YES;
				CLANG_WARN_DIRECT_OBJC_ISA_USAGE = YES_ERROR;
				CLANG_WARN_DOCUMENTATION_COMMENTS = YES;
				CLANG_WARN_EMPTY_BODY = YES;
				CLANG_WARN_ENUM_CONVERSION = YES;
				CLANG_WARN_INFINITE_RECURSION = YES;
				CLANG_WARN_INT_CONVERSION = YES;
				CLANG_WARN_NON_LITERAL_NULL_CONVERSION = YES;
				CLANG_WARN_OBJC_IMPLICIT_RETAIN_SELF = YES;
				CLANG_WARN_OBJC_LITERAL_CONVERSION = YES;
				CLANG_WARN_OBJC_ROOT_CLASS = YES_ERROR;
				CLANG_WARN_RANGE_LOOP_ANALYSIS = YES;
				CLANG_WARN_STRICT_PROTOTYPES = YES;
				CLANG_WARN_SUSPICIOUS_MOVE = YES;
				CLANG_WARN_UNGUARDED_AVAILABILITY = YES_AGGRESSIVE;
				CLANG_WARN_UNREACHABLE_CODE = YES;
				CLANG_WARN__DUPLICATE_METHOD_MATCH = YES;
				CODE_SIGN_IDENTITY = "-";
				COPY_PHASE_STRIP = NO;
				DEBUG_INFORMATION_FORMAT = dwarf;
				ENABLE_STRICT_OBJC_MSGSEND = YES;
				ENABLE_TESTABILITY = YES;
				GCC_C_LANGUAGE_STANDARD = gnu11;
				GCC_DYNAMIC_NO_PIC = NO;
				GCC_NO_COMMON_BLOCKS = YES;
				GCC_OPTIMIZATION_LEVEL = 0;
				GCC_PREPROCESSOR_DEFINITIONS = (
					"DEBUG=1",
					"$(inherited)",
				);
				GCC_WARN_64_TO_32_BIT_CONVERSION = YES;
				GCC_WARN_ABOUT_RETURN_TYPE = YES_ERROR;
				GCC_WARN_UNDECLARED_SELECTOR = YES;
				GCC_WARN_UNINITIALIZED_AUTOS = YES_AGGRESSIVE;
				GCC_WARN_UNUSED_FUNCTION = YES;
				GCC_WARN_UNUSED_VARIABLE = YES;
				MACOSX_DEPLOYMENT_TARGET = 10.14;
				MTL_ENABLE_DEBUG_INFO = INCLUDE_SOURCE;
				MTL_FAST_MATH = YES;
				ONLY_ACTIVE_ARCH = YES;
				SDKROOT = macosx;
			};
			name = Debug;
		};
		188FD9E02269FE200030726B /* Release */ = {
			isa = XCBuildConfiguration;
			buildSettings = {
				ALWAYS_SEARCH_USER_PATHS = NO;
				CLANG_ANALYZER_NONNULL = YES;
				CLANG_ANALYZER_NUMBER_OBJECT_CONVERSION = YES_AGGRESSIVE;
				CLANG_CXX_LANGUAGE_STANDARD = "gnu++14";
				CLANG_CXX_LIBRARY = "libc++";
				CLANG_ENABLE_MODULES = YES;
				CLANG_ENABLE_OBJC_ARC = YES;
				CLANG_ENABLE_OBJC_WEAK = YES;
				CLANG_WARN_BLOCK_CAPTURE_AUTORELEASING = YES;
				CLANG_WARN_BOOL_CONVERSION = YES;
				CLANG_WARN_COMMA = YES;
				CLANG_WARN_CONSTANT_CONVERSION = YES;
				CLANG_WARN_DEPRECATED_OBJC_IMPLEMENTATIONS = YES;
				CLANG_WARN_DIRECT_OBJC_ISA_USAGE = YES_ERROR;
				CLANG_WARN_DOCUMENTATION_COMMENTS = YES;
				CLANG_WARN_EMPTY_BODY = YES;
				CLANG_WARN_ENUM_CONVERSION = YES;
				CLANG_WARN_INFINITE_RECURSION = YES;
				CLANG_WARN_INT_CONVERSION = YES;
				CLANG_WARN_NON_LITERAL_NULL_CONVERSION = YES;
				CLANG_WARN_OBJC_IMPLICIT_RETAIN_SELF = YES;
				CLANG_WARN_OBJC_LITERAL_CONVERSION = YES;
				CLANG_WARN_OBJC_ROOT_CLASS = YES_ERROR;
				CLANG_WARN_RANGE_LOOP_ANALYSIS = YES;
				CLANG_WARN_STRICT_PROTOTYPES = YES;
				CLANG_WARN_SUSPICIOUS_MOVE = YES;
				CLANG_WARN_UNGUARDED_AVAILABILITY = YES_AGGRESSIVE;
				CLANG_WARN_UNREACHABLE_CODE = YES;
				CLANG_WARN__DUPLICATE_METHOD_MATCH = YES;
				CODE_SIGN_IDENTITY = "-";
				COPY_PHASE_STRIP = NO;
				DEBUG_INFORMATION_FORMAT = "dwarf-with-dsym";
				ENABLE_NS_ASSERTIONS = NO;
				ENABLE_STRICT_OBJC_MSGSEND = YES;
				GCC_C_LANGUAGE_STANDARD = gnu11;
				GCC_NO_COMMON_BLOCKS = YES;
				GCC_WARN_64_TO_32_BIT_CONVERSION = YES;
				GCC_WARN_ABOUT_RETURN_TYPE = YES_ERROR;
				GCC_WARN_UNDECLARED_SELECTOR = YES;
				GCC_WARN_UNINITIALIZED_AUTOS = YES_AGGRESSIVE;
				GCC_WARN_UNUSED_FUNCTION = YES;
				GCC_WARN_UNUSED_VARIABLE = YES;
				MACOSX_DEPLOYMENT_TARGET = 10.14;
				MTL_ENABLE_DEBUG_INFO = NO;
				MTL_FAST_MATH = YES;
				SDKROOT = macosx;
			};
			name = Release;
		};
		188FD9EF2269FE4C0030726B /* Debug */ = {
			isa = XCBuildConfiguration;
			buildSettings = {
				CLANG_ENABLE_MODULES = NO;
				CODE_SIGN_STYLE = Automatic;
				DYLIB_COMPATIBILITY_VERSION = 1;
				DYLIB_CURRENT_VERSION = 1;
				EXECUTABLE_PREFIX = lib;
				PRODUCT_NAME = "$(TARGET_NAME)";
				SKIP_INSTALL = YES;
			};
			name = Debug;
		};
		188FD9F02269FE4C0030726B /* Release */ = {
			isa = XCBuildConfiguration;
			buildSettings = {
				CLANG_ENABLE_MODULES = NO;
				CODE_SIGN_STYLE = Automatic;
				DYLIB_COMPATIBILITY_VERSION = 1;
				DYLIB_CURRENT_VERSION = 1;
				EXECUTABLE_PREFIX = lib;
				PRODUCT_NAME = "$(TARGET_NAME)";
				SKIP_INSTALL = YES;
			};
			name = Release;
		};
		188FDA16226A0DA50030726B /* Debug */ = {
			isa = XCBuildConfiguration;
			buildSettings = {
				CODE_SIGN_STYLE = Automatic;
				PRODUCT_NAME = "$(TARGET_NAME)";
			};
			name = Debug;
		};
		188FDA17226A0DA50030726B /* Release */ = {
			isa = XCBuildConfiguration;
			buildSettings = {
				CODE_SIGN_STYLE = Automatic;
				PRODUCT_NAME = "$(TARGET_NAME)";
			};
			name = Release;
		};
		188FDA24226A0DBA0030726B /* Debug */ = {
			isa = XCBuildConfiguration;
			buildSettings = {
				CODE_SIGN_STYLE = Automatic;
				DYLIB_COMPATIBILITY_VERSION = 1;
				DYLIB_CURRENT_VERSION = 1;
				EXECUTABLE_PREFIX = lib;
				GCC_PREPROCESSOR_DEFINITIONS = (
					"DEBUG=1",
					"$(inherited)",
					LIBC_NO_LIBCRASHREPORTERCLIENT,
				);
				OTHER_CFLAGS = "-ferror-limit=0";
				PRODUCT_NAME = "$(TARGET_NAME)";
				SKIP_INSTALL = YES;
				SYSTEM_HEADER_SEARCH_PATHS = "${SRCROOT}/include";
			};
			name = Debug;
		};
		188FDA25226A0DBA0030726B /* Release */ = {
			isa = XCBuildConfiguration;
			buildSettings = {
				CODE_SIGN_STYLE = Automatic;
				DYLIB_COMPATIBILITY_VERSION = 1;
				DYLIB_CURRENT_VERSION = 1;
				EXECUTABLE_PREFIX = lib;
				GCC_PREPROCESSOR_DEFINITIONS = LIBC_NO_LIBCRASHREPORTERCLIENT;
				OTHER_CFLAGS = "-ferror-limit=0";
				PRODUCT_NAME = "$(TARGET_NAME)";
				SKIP_INSTALL = YES;
				SYSTEM_HEADER_SEARCH_PATHS = "${SRCROOT}/include";
			};
			name = Release;
		};
/* End XCBuildConfiguration section */

/* Begin XCConfigurationList section */
		188FD9D52269FE200030726B /* Build configuration list for PBXProject "objc" */ = {
			isa = XCConfigurationList;
			buildConfigurations = (
				188FD9DF2269FE200030726B /* Debug */,
				188FD9E02269FE200030726B /* Release */,
			);
			defaultConfigurationIsVisible = 0;
			defaultConfigurationName = Release;
		};
		188FD9EE2269FE4C0030726B /* Build configuration list for PBXNativeTarget "objc-trampolines" */ = {
			isa = XCConfigurationList;
			buildConfigurations = (
				188FD9EF2269FE4C0030726B /* Debug */,
				188FD9F02269FE4C0030726B /* Release */,
			);
			defaultConfigurationIsVisible = 0;
			defaultConfigurationName = Release;
		};
		188FDA18226A0DA50030726B /* Build configuration list for PBXNativeTarget "Demo" */ = {
			isa = XCConfigurationList;
			buildConfigurations = (
				188FDA16226A0DA50030726B /* Debug */,
				188FDA17226A0DA50030726B /* Release */,
			);
			defaultConfigurationIsVisible = 0;
			defaultConfigurationName = Release;
		};
		188FDA23226A0DBA0030726B /* Build configuration list for PBXNativeTarget "objc" */ = {
			isa = XCConfigurationList;
			buildConfigurations = (
				188FDA24226A0DBA0030726B /* Debug */,
				188FDA25226A0DBA0030726B /* Release */,
			);
			defaultConfigurationIsVisible = 0;
			defaultConfigurationName = Release;
		};
/* End XCConfigurationList section */
	};
	rootObject = 188FD9D22269FE200030726B /* Project object */;
}
